// !$*UTF8*$!
{
	archiveVersion = 1;
	classes = {
	};
	objectVersion = 70;
	objects = {

/* Begin PBXBuildFile section */
		403338AE2C77AE14009DE459 /* FirebaseAnalytics in Frameworks */ = {isa = PBXBuildFile; productRef = 403338AD2C77AE14009DE459 /* FirebaseAnalytics */; };
		403338B02C77AE14009DE459 /* FirebaseAnalyticsOnDeviceConversion in Frameworks */ = {isa = PBXBuildFile; productRef = 403338AF2C77AE14009DE459 /* FirebaseAnalyticsOnDeviceConversion */; };
		403338B22C77AE14009DE459 /* FirebaseAnalyticsWithoutAdIdSupport in Frameworks */ = {isa = PBXBuildFile; productRef = 403338B12C77AE14009DE459 /* FirebaseAnalyticsWithoutAdIdSupport */; };
		403338B42C77AE14009DE459 /* FirebaseAppCheck in Frameworks */ = {isa = PBXBuildFile; productRef = 403338B32C77AE14009DE459 /* FirebaseAppCheck */; };
		403338B62C77AE14009DE459 /* FirebaseAppDistribution-Beta in Frameworks */ = {isa = PBXBuildFile; productRef = 403338B52C77AE14009DE459 /* FirebaseAppDistribution-Beta */; };
		403338B92C77AE2E009DE459 /* FirebaseFirestore in Frameworks */ = {isa = PBXBuildFile; productRef = 403338B82C77AE2E009DE459 /* FirebaseFirestore */; };
		403338BB2C77AE49009DE459 /* FirebaseAuth in Frameworks */ = {isa = PBXBuildFile; productRef = 403338BA2C77AE49009DE459 /* FirebaseAuth */; };
		403338BD2C77AE49009DE459 /* FirebaseDatabase in Frameworks */ = {isa = PBXBuildFile; productRef = 403338BC2C77AE49009DE459 /* FirebaseDatabase */; };
		403338BF2C77AE49009DE459 /* FirebaseDynamicLinks in Frameworks */ = {isa = PBXBuildFile; productRef = 403338BE2C77AE49009DE459 /* FirebaseDynamicLinks */; };
		403338C12C77AE49009DE459 /* FirebaseFunctions in Frameworks */ = {isa = PBXBuildFile; productRef = 403338C02C77AE49009DE459 /* FirebaseFunctions */; };
		403338C32C77AE49009DE459 /* FirebaseStorage in Frameworks */ = {isa = PBXBuildFile; productRef = 403338C22C77AE49009DE459 /* FirebaseStorage */; };
		404618962D2AE041003991FF /* Lottie in Frameworks */ = {isa = PBXBuildFile; productRef = 404618952D2AE041003991FF /* Lottie */; };
/* End PBXBuildFile section */

/* Begin PBXFileReference section */
		4033388F2C77AD06009DE459 /* LittleCakesNLOrderBook.app */ = {isa = PBXFileReference; explicitFileType = wrapper.application; includeInIndex = 0; path = LittleCakesNLOrderBook.app; sourceTree = BUILT_PRODUCTS_DIR; };
/* End PBXFileReference section */

/* Begin PBXFileSystemSynchronizedBuildFileExceptionSet section */
		404023BA2D58D8B50019FF5E /* PBXFileSystemSynchronizedBuildFileExceptionSet */ = {
			isa = PBXFileSystemSynchronizedBuildFileExceptionSet;
			membershipExceptions = (
				Info.plist,
			);
			target = 4033388E2C77AD06009DE459 /* LittleCakesNLOrderBook */;
		};
/* End PBXFileSystemSynchronizedBuildFileExceptionSet section */

/* Begin PBXFileSystemSynchronizedRootGroup section */
		4086A6BD2D57FADA000F5791 /* LittleCakesNLOrderBook */ = {isa = PBXFileSystemSynchronizedRootGroup; exceptions = (404023BA2D58D8B50019FF5E /* PBXFileSystemSynchronizedBuildFileExceptionSet */, ); explicitFileTypes = {}; explicitFolders = (); path = LittleCakesNLOrderBook; sourceTree = "<group>"; };
/* End PBXFileSystemSynchronizedRootGroup section */

/* Begin PBXFrameworksBuildPhase section */
		4033388C2C77AD06009DE459 /* Frameworks */ = {
			isa = PBXFrameworksBuildPhase;
			buildActionMask = 2147483647;
			files = (
				403338B42C77AE14009DE459 /* FirebaseAppCheck in Frameworks */,
				403338AE2C77AE14009DE459 /* FirebaseAnalytics in Frameworks */,
				403338B62C77AE14009DE459 /* FirebaseAppDistribution-Beta in Frameworks */,
				403338B22C77AE14009DE459 /* FirebaseAnalyticsWithoutAdIdSupport in Frameworks */,
				403338B02C77AE14009DE459 /* FirebaseAnalyticsOnDeviceConversion in Frameworks */,
				403338BF2C77AE49009DE459 /* FirebaseDynamicLinks in Frameworks */,
				403338BB2C77AE49009DE459 /* FirebaseAuth in Frameworks */,
				403338C12C77AE49009DE459 /* FirebaseFunctions in Frameworks */,
				403338C32C77AE49009DE459 /* FirebaseStorage in Frameworks */,
				403338BD2C77AE49009DE459 /* FirebaseDatabase in Frameworks */,
				403338B92C77AE2E009DE459 /* FirebaseFirestore in Frameworks */,
				404618962D2AE041003991FF /* Lottie in Frameworks */,
			);
			runOnlyForDeploymentPostprocessing = 0;
		};
/* End PBXFrameworksBuildPhase section */

/* Begin PBXGroup section */
		403338862C77AD06009DE459 = {
			isa = PBXGroup;
			children = (
				4086A6BD2D57FADA000F5791 /* LittleCakesNLOrderBook */,
				403338902C77AD06009DE459 /* Products */,
				403338B72C77AE2E009DE459 /* Frameworks */,
			);
			sourceTree = "<group>";
		};
		403338902C77AD06009DE459 /* Products */ = {
			isa = PBXGroup;
			children = (
				4033388F2C77AD06009DE459 /* LittleCakesNLOrderBook.app */,
			);
			name = Products;
			sourceTree = "<group>";
		};
		403338B72C77AE2E009DE459 /* Frameworks */ = {
			isa = PBXGroup;
			children = (
			);
			name = Frameworks;
			sourceTree = "<group>";
		};
/* End PBXGroup section */

/* Begin PBXNativeTarget section */
		4033388E2C77AD06009DE459 /* LittleCakesNLOrderBook */ = {
			isa = PBXNativeTarget;
			buildConfigurationList = 4033389D2C77AD09009DE459 /* Build configuration list for PBXNativeTarget "LittleCakesNLOrderBook" */;
			buildPhases = (
				4033388B2C77AD06009DE459 /* Sources */,
				4033388C2C77AD06009DE459 /* Frameworks */,
				4033388D2C77AD06009DE459 /* Resources */,
			);
			buildRules = (
			);
			dependencies = (
			);
			fileSystemSynchronizedGroups = (
				4086A6BD2D57FADA000F5791 /* LittleCakesNLOrderBook */,
			);
			name = LittleCakesNLOrderBook;
			packageProductDependencies = (
				403338AD2C77AE14009DE459 /* FirebaseAnalytics */,
				403338AF2C77AE14009DE459 /* FirebaseAnalyticsOnDeviceConversion */,
				403338B12C77AE14009DE459 /* FirebaseAnalyticsWithoutAdIdSupport */,
				403338B32C77AE14009DE459 /* FirebaseAppCheck */,
				403338B52C77AE14009DE459 /* FirebaseAppDistribution-Beta */,
				403338B82C77AE2E009DE459 /* FirebaseFirestore */,
				403338BA2C77AE49009DE459 /* FirebaseAuth */,
				403338BC2C77AE49009DE459 /* FirebaseDatabase */,
				403338BE2C77AE49009DE459 /* FirebaseDynamicLinks */,
				403338C02C77AE49009DE459 /* FirebaseFunctions */,
				403338C22C77AE49009DE459 /* FirebaseStorage */,
				404618952D2AE041003991FF /* Lottie */,
			);
			productName = LittleCakesNLOrderBook;
			productReference = 4033388F2C77AD06009DE459 /* LittleCakesNLOrderBook.app */;
			productType = "com.apple.product-type.application";
		};
/* End PBXNativeTarget section */

/* Begin PBXProject section */
		403338872C77AD06009DE459 /* Project object */ = {
			isa = PBXProject;
			attributes = {
				BuildIndependentTargetsInParallel = 1;
				LastSwiftUpdateCheck = 1530;
				LastUpgradeCheck = 1530;
				TargetAttributes = {
					4033388E2C77AD06009DE459 = {
						CreatedOnToolsVersion = 15.3;
					};
				};
			};
			buildConfigurationList = 4033388A2C77AD06009DE459 /* Build configuration list for PBXProject "LittleCakesNLOrderBook" */;
			compatibilityVersion = "Xcode 14.0";
			developmentRegion = en;
			hasScannedForEncodings = 0;
			knownRegions = (
				en,
				Base,
			);
			mainGroup = 403338862C77AD06009DE459;
			packageReferences = (
				403338AC2C77AE14009DE459 /* XCRemoteSwiftPackageReference "firebase-ios-sdk" */,
				404618942D2AE041003991FF /* XCRemoteSwiftPackageReference "lottie-spm" */,
			);
			productRefGroup = 403338902C77AD06009DE459 /* Products */;
			projectDirPath = "";
			projectRoot = "";
			targets = (
				4033388E2C77AD06009DE459 /* LittleCakesNLOrderBook */,
			);
		};
/* End PBXProject section */

/* Begin PBXResourcesBuildPhase section */
		4033388D2C77AD06009DE459 /* Resources */ = {
			isa = PBXResourcesBuildPhase;
			buildActionMask = 2147483647;
			files = (
			);
			runOnlyForDeploymentPostprocessing = 0;
		};
/* End PBXResourcesBuildPhase section */

/* Begin PBXSourcesBuildPhase section */
		4033388B2C77AD06009DE459 /* Sources */ = {
			isa = PBXSourcesBuildPhase;
			buildActionMask = 2147483647;
			files = (
			);
			runOnlyForDeploymentPostprocessing = 0;
		};
/* End PBXSourcesBuildPhase section */

/* Begin XCBuildConfiguration section */
		4033389B2C77AD09009DE459 /* Debug */ = {
			isa = XCBuildConfiguration;
			buildSettings = {
				ALWAYS_SEARCH_USER_PATHS = NO;
				ASSETCATALOG_COMPILER_GENERATE_SWIFT_ASSET_SYMBOL_EXTENSIONS = YES;
				CLANG_ANALYZER_NONNULL = YES;
				CLANG_ANALYZER_NUMBER_OBJECT_CONVERSION = YES_AGGRESSIVE;
				CLANG_CXX_LANGUAGE_STANDARD = "gnu++20";
				CLANG_ENABLE_MODULES = YES;
				CLANG_ENABLE_OBJC_ARC = YES;
				CLANG_ENABLE_OBJC_WEAK = YES;
				CLANG_WARN_BLOCK_CAPTURE_AUTORELEASING = YES;
				CLANG_WARN_BOOL_CONVERSION = YES;
				CLANG_WARN_COMMA = YES;
				CLANG_WARN_CONSTANT_CONVERSION = YES;
				CLANG_WARN_DEPRECATED_OBJC_IMPLEMENTATIONS = YES;
				CLANG_WARN_DIRECT_OBJC_ISA_USAGE = YES_ERROR;
				CLANG_WARN_DOCUMENTATION_COMMENTS = YES;
				CLANG_WARN_EMPTY_BODY = YES;
				CLANG_WARN_ENUM_CONVERSION = YES;
				CLANG_WARN_INFINITE_RECURSION = YES;
				CLANG_WARN_INT_CONVERSION = YES;
				CLANG_WARN_NON_LITERAL_NULL_CONVERSION = YES;
				CLANG_WARN_OBJC_IMPLICIT_RETAIN_SELF = YES;
				CLANG_WARN_OBJC_LITERAL_CONVERSION = YES;
				CLANG_WARN_OBJC_ROOT_CLASS = YES_ERROR;
				CLANG_WARN_QUOTED_INCLUDE_IN_FRAMEWORK_HEADER = YES;
				CLANG_WARN_RANGE_LOOP_ANALYSIS = YES;
				CLANG_WARN_STRICT_PROTOTYPES = YES;
				CLANG_WARN_SUSPICIOUS_MOVE = YES;
				CLANG_WARN_UNGUARDED_AVAILABILITY = YES_AGGRESSIVE;
				CLANG_WARN_UNREACHABLE_CODE = YES;
				CLANG_WARN__DUPLICATE_METHOD_MATCH = YES;
				COPY_PHASE_STRIP = NO;
				DEBUG_INFORMATION_FORMAT = dwarf;
				ENABLE_STRICT_OBJC_MSGSEND = YES;
				ENABLE_TESTABILITY = YES;
				ENABLE_USER_SCRIPT_SANDBOXING = YES;
				GCC_C_LANGUAGE_STANDARD = gnu17;
				GCC_DYNAMIC_NO_PIC = NO;
				GCC_NO_COMMON_BLOCKS = YES;
				GCC_OPTIMIZATION_LEVEL = 0;
				GCC_PREPROCESSOR_DEFINITIONS = (
					"DEBUG=1",
					"$(inherited)",
				);
				GCC_WARN_64_TO_32_BIT_CONVERSION = YES;
				GCC_WARN_ABOUT_RETURN_TYPE = YES_ERROR;
				GCC_WARN_UNDECLARED_SELECTOR = YES;
				GCC_WARN_UNINITIALIZED_AUTOS = YES_AGGRESSIVE;
				GCC_WARN_UNUSED_FUNCTION = YES;
				GCC_WARN_UNUSED_VARIABLE = YES;
				IPHONEOS_DEPLOYMENT_TARGET = 17.4;
				LOCALIZATION_PREFERS_STRING_CATALOGS = YES;
				MTL_ENABLE_DEBUG_INFO = INCLUDE_SOURCE;
				MTL_FAST_MATH = YES;
				ONLY_ACTIVE_ARCH = YES;
				SDKROOT = iphoneos;
				SWIFT_ACTIVE_COMPILATION_CONDITIONS = "DEBUG $(inherited)";
				SWIFT_OPTIMIZATION_LEVEL = "-Onone";
			};
			name = Debug;
		};
		4033389C2C77AD09009DE459 /* Release */ = {
			isa = XCBuildConfiguration;
			buildSettings = {
				ALWAYS_SEARCH_USER_PATHS = NO;
				ASSETCATALOG_COMPILER_GENERATE_SWIFT_ASSET_SYMBOL_EXTENSIONS = YES;
				CLANG_ANALYZER_NONNULL = YES;
				CLANG_ANALYZER_NUMBER_OBJECT_CONVERSION = YES_AGGRESSIVE;
				CLANG_CXX_LANGUAGE_STANDARD = "gnu++20";
				CLANG_ENABLE_MODULES = YES;
				CLANG_ENABLE_OBJC_ARC = YES;
				CLANG_ENABLE_OBJC_WEAK = YES;
				CLANG_WARN_BLOCK_CAPTURE_AUTORELEASING = YES;
				CLANG_WARN_BOOL_CONVERSION = YES;
				CLANG_WARN_COMMA = YES;
				CLANG_WARN_CONSTANT_CONVERSION = YES;
				CLANG_WARN_DEPRECATED_OBJC_IMPLEMENTATIONS = YES;
				CLANG_WARN_DIRECT_OBJC_ISA_USAGE = YES_ERROR;
				CLANG_WARN_DOCUMENTATION_COMMENTS = YES;
				CLANG_WARN_EMPTY_BODY = YES;
				CLANG_WARN_ENUM_CONVERSION = YES;
				CLANG_WARN_INFINITE_RECURSION = YES;
				CLANG_WARN_INT_CONVERSION = YES;
				CLANG_WARN_NON_LITERAL_NULL_CONVERSION = YES;
				CLANG_WARN_OBJC_IMPLICIT_RETAIN_SELF = YES;
				CLANG_WARN_OBJC_LITERAL_CONVERSION = YES;
				CLANG_WARN_OBJC_ROOT_CLASS = YES_ERROR;
				CLANG_WARN_QUOTED_INCLUDE_IN_FRAMEWORK_HEADER = YES;
				CLANG_WARN_RANGE_LOOP_ANALYSIS = YES;
				CLANG_WARN_STRICT_PROTOTYPES = YES;
				CLANG_WARN_SUSPICIOUS_MOVE = YES;
				CLANG_WARN_UNGUARDED_AVAILABILITY = YES_AGGRESSIVE;
				CLANG_WARN_UNREACHABLE_CODE = YES;
				CLANG_WARN__DUPLICATE_METHOD_MATCH = YES;
				COPY_PHASE_STRIP = NO;
				DEBUG_INFORMATION_FORMAT = "dwarf-with-dsym";
				ENABLE_NS_ASSERTIONS = NO;
				ENABLE_STRICT_OBJC_MSGSEND = YES;
				ENABLE_USER_SCRIPT_SANDBOXING = YES;
				GCC_C_LANGUAGE_STANDARD = gnu17;
				GCC_NO_COMMON_BLOCKS = YES;
				GCC_WARN_64_TO_32_BIT_CONVERSION = YES;
				GCC_WARN_ABOUT_RETURN_TYPE = YES_ERROR;
				GCC_WARN_UNDECLARED_SELECTOR = YES;
				GCC_WARN_UNINITIALIZED_AUTOS = YES_AGGRESSIVE;
				GCC_WARN_UNUSED_FUNCTION = YES;
				GCC_WARN_UNUSED_VARIABLE = YES;
				IPHONEOS_DEPLOYMENT_TARGET = 17.4;
				LOCALIZATION_PREFERS_STRING_CATALOGS = YES;
				MTL_ENABLE_DEBUG_INFO = NO;
				MTL_FAST_MATH = YES;
				SDKROOT = iphoneos;
				SWIFT_COMPILATION_MODE = wholemodule;
				VALIDATE_PRODUCT = YES;
			};
			name = Release;
		};
		4033389E2C77AD09009DE459 /* Debug */ = {
			isa = XCBuildConfiguration;
			buildSettings = {
				ASSETCATALOG_COMPILER_APPICON_NAME = AppIcon;
				ASSETCATALOG_COMPILER_GLOBAL_ACCENT_COLOR_NAME = AccentColor;
				CODE_SIGN_STYLE = Automatic;
				CURRENT_PROJECT_VERSION = 1;
				DEVELOPMENT_ASSET_PATHS = "\"LittleCakesNLOrderBook/Preview Content\"";
				DEVELOPMENT_TEAM = G7B87U8R23;
				ENABLE_PREVIEWS = YES;
				GENERATE_INFOPLIST_FILE = YES;
				INFOPLIST_FILE = LittleCakesNLOrderBook/Info.plist;
				INFOPLIST_KEY_NSCalendarsUsageDescription = "This app requires access to your calendar to save order pickup events.";
				INFOPLIST_KEY_NSContactsUsageDescription = "We need access to your contacts to invite people to calendar events.";
				INFOPLIST_KEY_UIApplicationSceneManifest_Generation = YES;
				INFOPLIST_KEY_UIApplicationSupportsIndirectInputEvents = YES;
				INFOPLIST_KEY_UILaunchScreen_Generation = YES;
				INFOPLIST_KEY_UISupportedInterfaceOrientations_iPad = "UIInterfaceOrientationPortrait UIInterfaceOrientationPortraitUpsideDown UIInterfaceOrientationLandscapeLeft UIInterfaceOrientationLandscapeRight";
				INFOPLIST_KEY_UISupportedInterfaceOrientations_iPhone = "UIInterfaceOrientationPortrait UIInterfaceOrientationLandscapeLeft UIInterfaceOrientationLandscapeRight";
				IPHONEOS_DEPLOYMENT_TARGET = 17.6;
				LD_RUNPATH_SEARCH_PATHS = (
					"$(inherited)",
					"@executable_path/Frameworks",
				);
				MARKETING_VERSION = 1.0;
				PRODUCT_BUNDLE_IDENTIFIER = dev.littlecakesnl.LittleCakesNLAgenda;
				PRODUCT_NAME = "$(TARGET_NAME)";
				SWIFT_ACTIVE_COMPILATION_CONDITIONS = "DEBUG DEV";
				SWIFT_EMIT_LOC_STRINGS = YES;
				SWIFT_VERSION = 5.0;
				TARGETED_DEVICE_FAMILY = "1,2";
			};
			name = Debug;
		};
		4033389F2C77AD09009DE459 /* Release */ = {
			isa = XCBuildConfiguration;
			buildSettings = {
				ASSETCATALOG_COMPILER_APPICON_NAME = AppIcon;
				ASSETCATALOG_COMPILER_GLOBAL_ACCENT_COLOR_NAME = AccentColor;
				CODE_SIGN_STYLE = Automatic;
				CURRENT_PROJECT_VERSION = 1;
				DEVELOPMENT_ASSET_PATHS = "\"LittleCakesNLOrderBook/Preview Content\"";
				DEVELOPMENT_TEAM = G7B87U8R23;
				ENABLE_PREVIEWS = YES;
				GENERATE_INFOPLIST_FILE = YES;
				INFOPLIST_FILE = LittleCakesNLOrderBook/Info.plist;
				INFOPLIST_KEY_NSCalendarsUsageDescription = "This app requires access to your calendar to save order pickup events.";
				INFOPLIST_KEY_NSContactsUsageDescription = "We need access to your contacts to invite people to calendar events.";
				INFOPLIST_KEY_UIApplicationSceneManifest_Generation = YES;
				INFOPLIST_KEY_UIApplicationSupportsIndirectInputEvents = YES;
				INFOPLIST_KEY_UILaunchScreen_Generation = YES;
				INFOPLIST_KEY_UISupportedInterfaceOrientations_iPad = "UIInterfaceOrientationPortrait UIInterfaceOrientationPortraitUpsideDown UIInterfaceOrientationLandscapeLeft UIInterfaceOrientationLandscapeRight";
				INFOPLIST_KEY_UISupportedInterfaceOrientations_iPhone = "UIInterfaceOrientationPortrait UIInterfaceOrientationLandscapeLeft UIInterfaceOrientationLandscapeRight";
				IPHONEOS_DEPLOYMENT_TARGET = 17.6;
				LD_RUNPATH_SEARCH_PATHS = (
					"$(inherited)",
					"@executable_path/Frameworks",
				);
				MARKETING_VERSION = 1.0;
				PRODUCT_BUNDLE_IDENTIFIER = dev.littlecakesnl.LittleCakesNLAgenda;
				PRODUCT_NAME = "$(TARGET_NAME)";
				SWIFT_ACTIVE_COMPILATION_CONDITIONS = RELEASE;
				SWIFT_EMIT_LOC_STRINGS = YES;
				SWIFT_VERSION = 5.0;
				TARGETED_DEVICE_FAMILY = "1,2";
			};
			name = Release;
		};
/* End XCBuildConfiguration section */

/* Begin XCConfigurationList section */
		4033388A2C77AD06009DE459 /* Build configuration list for PBXProject "LittleCakesNLOrderBook" */ = {
			isa = XCConfigurationList;
			buildConfigurations = (
				4033389B2C77AD09009DE459 /* Debug */,
				4033389C2C77AD09009DE459 /* Release */,
			);
			defaultConfigurationIsVisible = 0;
			defaultConfigurationName = Release;
		};
		4033389D2C77AD09009DE459 /* Build configuration list for PBXNativeTarget "LittleCakesNLOrderBook" */ = {
			isa = XCConfigurationList;
			buildConfigurations = (
				4033389E2C77AD09009DE459 /* Debug */,
				4033389F2C77AD09009DE459 /* Release */,
			);
			defaultConfigurationIsVisible = 0;
			defaultConfigurationName = Release;
		};
/* End XCConfigurationList section */

/* Begin XCRemoteSwiftPackageReference section */
		403338AC2C77AE14009DE459 /* XCRemoteSwiftPackageReference "firebase-ios-sdk" */ = {
			isa = XCRemoteSwiftPackageReference;
			repositoryURL = "https://github.com/firebase/firebase-ios-sdk.git";
			requirement = {
				kind = upToNextMajorVersion;
				minimumVersion = 11.1.0;
			};
		};
		404618942D2AE041003991FF /* XCRemoteSwiftPackageReference "lottie-spm" */ = {
			isa = XCRemoteSwiftPackageReference;
			repositoryURL = "https://github.com/airbnb/lottie-spm.git";
			requirement = {
				kind = upToNextMajorVersion;
				minimumVersion = 4.5.1;
			};
		};
/* End XCRemoteSwiftPackageReference section */

/* Begin XCSwiftPackageProductDependency section */
		403338AD2C77AE14009DE459 /* FirebaseAnalytics */ = {
			isa = XCSwiftPackageProductDependency;
			package = 403338AC2C77AE14009DE459 /* XCRemoteSwiftPackageReference "firebase-ios-sdk" */;
			productName = FirebaseAnalytics;
		};
		403338AF2C77AE14009DE459 /* FirebaseAnalyticsOnDeviceConversion */ = {
			isa = XCSwiftPackageProductDependency;
			package = 403338AC2C77AE14009DE459 /* XCRemoteSwiftPackageReference "firebase-ios-sdk" */;
			productName = FirebaseAnalyticsOnDeviceConversion;
		};
		403338B12C77AE14009DE459 /* FirebaseAnalyticsWithoutAdIdSupport */ = {
			isa = XCSwiftPackageProductDependency;
			package = 403338AC2C77AE14009DE459 /* XCRemoteSwiftPackageReference "firebase-ios-sdk" */;
			productName = FirebaseAnalyticsWithoutAdIdSupport;
		};
		403338B32C77AE14009DE459 /* FirebaseAppCheck */ = {
			isa = XCSwiftPackageProductDependency;
			package = 403338AC2C77AE14009DE459 /* XCRemoteSwiftPackageReference "firebase-ios-sdk" */;
			productName = FirebaseAppCheck;
		};
		403338B52C77AE14009DE459 /* FirebaseAppDistribution-Beta */ = {
			isa = XCSwiftPackageProductDependency;
			package = 403338AC2C77AE14009DE459 /* XCRemoteSwiftPackageReference "firebase-ios-sdk" */;
			productName = "FirebaseAppDistribution-Beta";
		};
		403338B82C77AE2E009DE459 /* FirebaseFirestore */ = {
			isa = XCSwiftPackageProductDependency;
			package = 403338AC2C77AE14009DE459 /* XCRemoteSwiftPackageReference "firebase-ios-sdk" */;
			productName = FirebaseFirestore;
		};
		403338BA2C77AE49009DE459 /* FirebaseAuth */ = {
			isa = XCSwiftPackageProductDependency;
			package = 403338AC2C77AE14009DE459 /* XCRemoteSwiftPackageReference "firebase-ios-sdk" */;
			productName = FirebaseAuth;
		};
		403338BC2C77AE49009DE459 /* FirebaseDatabase */ = {
			isa = XCSwiftPackageProductDependency;
			package = 403338AC2C77AE14009DE459 /* XCRemoteSwiftPackageReference "firebase-ios-sdk" */;
			productName = FirebaseDatabase;
		};
		403338BE2C77AE49009DE459 /* FirebaseDynamicLinks */ = {
			isa = XCSwiftPackageProductDependency;
			package = 403338AC2C77AE14009DE459 /* XCRemoteSwiftPackageReference "firebase-ios-sdk" */;
			productName = FirebaseDynamicLinks;
		};
		403338C02C77AE49009DE459 /* FirebaseFunctions */ = {
			isa = XCSwiftPackageProductDependency;
			package = 403338AC2C77AE14009DE459 /* XCRemoteSwiftPackageReference "firebase-ios-sdk" */;
			productName = FirebaseFunctions;
		};
		403338C22C77AE49009DE459 /* FirebaseStorage */ = {
			isa = XCSwiftPackageProductDependency;
			package = 403338AC2C77AE14009DE459 /* XCRemoteSwiftPackageReference "firebase-ios-sdk" */;
			productName = FirebaseStorage;
		};
		404618952D2AE041003991FF /* Lottie */ = {
			isa = XCSwiftPackageProductDependency;
			package = 404618942D2AE041003991FF /* XCRemoteSwiftPackageReference "lottie-spm" */;
			productName = Lottie;
		};
/* End XCSwiftPackageProductDependency section */
	};
	rootObject = 403338872C77AD06009DE459 /* Project object */;
}
